// !$*UTF8*$!
{
	archiveVersion = 1;
	classes = {
	};
	objectVersion = 77;
	objects = {

/* Begin PBXBuildFile section */
		167D88BE2D85F5D400F69A34 /* AppDelegate.swift in Sources */ = {isa = PBXBuildFile; fileRef = 167D88BD2D85F5D400F69A34 /* AppDelegate.swift */; };
		167D88C02D85F5D400F69A34 /* SceneDelegate.swift in Sources */ = {isa = PBXBuildFile; fileRef = 167D88BF2D85F5D400F69A34 /* SceneDelegate.swift */; };
		167D88C32D85F5D400F69A34 /* LaunchScreen.storyboard in Resources */ = {isa = PBXBuildFile; fileRef = 167D88C12D85F5D400F69A34 /* LaunchScreen.storyboard */; };
		167D88C62D85F5D400F69A34 /* Main.storyboard in Resources */ = {isa = PBXBuildFile; fileRef = 167D88C42D85F5D400F69A34 /* Main.storyboard */; };
		167D88CF2D85F5D400F69A34 /* AppDelegate.swift in Sources */ = {isa = PBXBuildFile; fileRef = 167D88CE2D85F5D400F69A34 /* AppDelegate.swift */; };
		167D88D22D85F5D400F69A34 /* Main.storyboard in Resources */ = {isa = PBXBuildFile; fileRef = 167D88D02D85F5D400F69A34 /* Main.storyboard */; };
		167D88DA2D85F5D400F69A34 /* AISanitizerExtensioniOS.appex in Embed Foundation Extensions */ = {isa = PBXBuildFile; fileRef = 167D88D92D85F5D400F69A34 /* AISanitizerExtensioniOS.appex */; settings = {ATTRIBUTES = (RemoveHeadersOnCopy, ); }; };
		167D88E42D85F5D400F69A34 /* AISanitizerExtensionMac.appex in Embed Foundation Extensions */ = {isa = PBXBuildFile; fileRef = 167D88E32D85F5D400F69A34 /* AISanitizerExtensionMac.appex */; settings = {ATTRIBUTES = (RemoveHeadersOnCopy, ); }; };
		167D88EA2D85F5D400F69A34 /* Main.html in Resources */ = {isa = PBXBuildFile; fileRef = 167D88AD2D85F5D300F69A34 /* Main.html */; };
		167D88EB2D85F5D400F69A34 /* Main.html in Resources */ = {isa = PBXBuildFile; fileRef = 167D88AD2D85F5D300F69A34 /* Main.html */; };
		167D88EC2D85F5D400F69A34 /* Icon.png in Resources */ = {isa = PBXBuildFile; fileRef = 167D88AF2D85F5D300F69A34 /* Icon.png */; };
		167D88ED2D85F5D400F69A34 /* Icon.png in Resources */ = {isa = PBXBuildFile; fileRef = 167D88AF2D85F5D300F69A34 /* Icon.png */; };
		167D88EE2D85F5D400F69A34 /* Style.css in Resources */ = {isa = PBXBuildFile; fileRef = 167D88B02D85F5D300F69A34 /* Style.css */; };
		167D88EF2D85F5D400F69A34 /* Style.css in Resources */ = {isa = PBXBuildFile; fileRef = 167D88B02D85F5D300F69A34 /* Style.css */; };
		167D88F02D85F5D400F69A34 /* Script.js in Resources */ = {isa = PBXBuildFile; fileRef = 167D88B12D85F5D300F69A34 /* Script.js */; };
		167D88F12D85F5D400F69A34 /* Script.js in Resources */ = {isa = PBXBuildFile; fileRef = 167D88B12D85F5D300F69A34 /* Script.js */; };
		167D88F22D85F5D400F69A34 /* ViewController.swift in Sources */ = {isa = PBXBuildFile; fileRef = 167D88B22D85F5D300F69A34 /* ViewController.swift */; };
		167D88F32D85F5D400F69A34 /* ViewController.swift in Sources */ = {isa = PBXBuildFile; fileRef = 167D88B22D85F5D300F69A34 /* ViewController.swift */; };
		167D88F42D85F5D400F69A34 /* Assets.xcassets in Resources */ = {isa = PBXBuildFile; fileRef = 167D88B32D85F5D400F69A34 /* Assets.xcassets */; };
		167D88F52D85F5D400F69A34 /* Assets.xcassets in Resources */ = {isa = PBXBuildFile; fileRef = 167D88B32D85F5D400F69A34 /* Assets.xcassets */; };
		167D88F62D85F5D400F69A34 /* SafariWebExtensionHandler.swift in Sources */ = {isa = PBXBuildFile; fileRef = 167D88B52D85F5D400F69A34 /* SafariWebExtensionHandler.swift */; };
		167D88F72D85F5D400F69A34 /* SafariWebExtensionHandler.swift in Sources */ = {isa = PBXBuildFile; fileRef = 167D88B52D85F5D400F69A34 /* SafariWebExtensionHandler.swift */; };
		167D89102D85F5D400F69A34 /* background.js in Resources */ = {isa = PBXBuildFile; fileRef = 167D89092D85F5D400F69A34 /* background.js */; };
		167D89112D85F5D400F69A34 /* options.js in Resources */ = {isa = PBXBuildFile; fileRef = 167D890A2D85F5D400F69A34 /* options.js */; };
		167D89122D85F5D400F69A34 /* icons in Resources */ = {isa = PBXBuildFile; fileRef = 167D890B2D85F5D400F69A34 /* icons */; };
		167D89142D85F5D400F69A34 /* manifest.json in Resources */ = {isa = PBXBuildFile; fileRef = 167D890D2D85F5D400F69A34 /* manifest.json */; };
		167D89152D85F5D400F69A34 /* options.html in Resources */ = {isa = PBXBuildFile; fileRef = 167D890E2D85F5D400F69A34 /* options.html */; };
		167D89162D85F5D400F69A34 /* content.js in Resources */ = {isa = PBXBuildFile; fileRef = 167D890F2D85F5D400F69A34 /* content.js */; };
		167D89172D85F5D400F69A34 /* background.js in Resources */ = {isa = PBXBuildFile; fileRef = 167D89092D85F5D400F69A34 /* background.js */; };
		167D89182D85F5D400F69A34 /* options.js in Resources */ = {isa = PBXBuildFile; fileRef = 167D890A2D85F5D400F69A34 /* options.js */; };
		167D89192D85F5D400F69A34 /* icons in Resources */ = {isa = PBXBuildFile; fileRef = 167D890B2D85F5D400F69A34 /* icons */; };
		167D891B2D85F5D400F69A34 /* manifest.json in Resources */ = {isa = PBXBuildFile; fileRef = 167D890D2D85F5D400F69A34 /* manifest.json */; };
		167D891C2D85F5D400F69A34 /* options.html in Resources */ = {isa = PBXBuildFile; fileRef = 167D890E2D85F5D400F69A34 /* options.html */; };
		167D891D2D85F5D400F69A34 /* content.js in Resources */ = {isa = PBXBuildFile; fileRef = 167D890F2D85F5D400F69A34 /* content.js */; };
/* End PBXBuildFile section */

/* Begin PBXContainerItemProxy section */
		167D88DB2D85F5D400F69A34 /* PBXContainerItemProxy */ = {
			isa = PBXContainerItemProxy;
			containerPortal = 167D88A72D85F5D300F69A34 /* Project object */;
			proxyType = 1;
			remoteGlobalIDString = 167D88D82D85F5D400F69A34;
			remoteInfo = "AI Sanitizer Extension (iOS)";
		};
		167D88E52D85F5D400F69A34 /* PBXContainerItemProxy */ = {
			isa = PBXContainerItemProxy;
			containerPortal = 167D88A72D85F5D300F69A34 /* Project object */;
			proxyType = 1;
			remoteGlobalIDString = 167D88E22D85F5D400F69A34;
			remoteInfo = "AI Sanitizer Extension (macOS)";
		};
/* End PBXContainerItemProxy section */

/* Begin PBXCopyFilesBuildPhase section */
		167D88FD2D85F5D400F69A34 /* Embed Foundation Extensions */ = {
			isa = PBXCopyFilesBuildPhase;
			buildActionMask = 2147483647;
			dstPath = "";
			dstSubfolderSpec = 13;
			files = (
				167D88DA2D85F5D400F69A34 /* AISanitizerExtensioniOS.appex in Embed Foundation Extensions */,
			);
			name = "Embed Foundation Extensions";
			runOnlyForDeploymentPostprocessing = 0;
		};
		167D89042D85F5D400F69A34 /* Embed Foundation Extensions */ = {
			isa = PBXCopyFilesBuildPhase;
			buildActionMask = 2147483647;
			dstPath = "";
			dstSubfolderSpec = 13;
			files = (
				167D88E42D85F5D400F69A34 /* AISanitizerExtensionMac.appex in Embed Foundation Extensions */,
			);
			name = "Embed Foundation Extensions";
			runOnlyForDeploymentPostprocessing = 0;
		};
/* End PBXCopyFilesBuildPhase section */

/* Begin PBXFileReference section */
		167D88AE2D85F5D300F69A34 /* Base */ = {isa = PBXFileReference; lastKnownFileType = text.html; name = Base; path = Base.lproj/Main.html; sourceTree = "<group>"; };
		167D88AF2D85F5D300F69A34 /* Icon.png */ = {isa = PBXFileReference; lastKnownFileType = image.png; path = Icon.png; sourceTree = "<group>"; };
		167D88B02D85F5D300F69A34 /* Style.css */ = {isa = PBXFileReference; lastKnownFileType = text.css; path = Style.css; sourceTree = "<group>"; };
		167D88B12D85F5D300F69A34 /* Script.js */ = {isa = PBXFileReference; lastKnownFileType = sourcecode.javascript; path = Script.js; sourceTree = "<group>"; };
		167D88B22D85F5D300F69A34 /* ViewController.swift */ = {isa = PBXFileReference; lastKnownFileType = sourcecode.swift; path = ViewController.swift; sourceTree = "<group>"; };
		167D88B32D85F5D400F69A34 /* Assets.xcassets */ = {isa = PBXFileReference; lastKnownFileType = folder.assetcatalog; path = Assets.xcassets; sourceTree = "<group>"; };
		167D88B52D85F5D400F69A34 /* SafariWebExtensionHandler.swift */ = {isa = PBXFileReference; lastKnownFileType = sourcecode.swift; path = SafariWebExtensionHandler.swift; sourceTree = "<group>"; };
		167D88BA2D85F5D400F69A34 /* AISanitizerAppiOS.app */ = {isa = PBXFileReference; explicitFileType = wrapper.application; includeInIndex = 0; path = AISanitizerAppiOS.app; sourceTree = BUILT_PRODUCTS_DIR; };
		167D88BD2D85F5D400F69A34 /* AppDelegate.swift */ = {isa = PBXFileReference; lastKnownFileType = sourcecode.swift; path = AppDelegate.swift; sourceTree = "<group>"; };
		167D88BF2D85F5D400F69A34 /* SceneDelegate.swift */ = {isa = PBXFileReference; lastKnownFileType = sourcecode.swift; path = SceneDelegate.swift; sourceTree = "<group>"; };
		167D88C22D85F5D400F69A34 /* Base */ = {isa = PBXFileReference; lastKnownFileType = file.storyboard; name = Base; path = Base.lproj/LaunchScreen.storyboard; sourceTree = "<group>"; };
		167D88C52D85F5D400F69A34 /* Base */ = {isa = PBXFileReference; lastKnownFileType = file.storyboard; name = Base; path = Base.lproj/Main.storyboard; sourceTree = "<group>"; };
		167D88C72D85F5D400F69A34 /* Info.plist */ = {isa = PBXFileReference; lastKnownFileType = text.plist.xml; path = Info.plist; sourceTree = "<group>"; };
		167D88CC2D85F5D400F69A34 /* AISanitizerAppMac.app */ = {isa = PBXFileReference; explicitFileType = wrapper.application; includeInIndex = 0; path = AISanitizerAppMac.app; sourceTree = BUILT_PRODUCTS_DIR; };
		167D88CE2D85F5D400F69A34 /* AppDelegate.swift */ = {isa = PBXFileReference; lastKnownFileType = sourcecode.swift; path = AppDelegate.swift; sourceTree = "<group>"; };
		167D88D12D85F5D400F69A34 /* Base */ = {isa = PBXFileReference; lastKnownFileType = file.storyboard; name = Base; path = Base.lproj/Main.storyboard; sourceTree = "<group>"; };
		167D88D32D85F5D400F69A34 /* Info.plist */ = {isa = PBXFileReference; lastKnownFileType = text.plist.xml; path = Info.plist; sourceTree = "<group>"; };
		167D88D42D85F5D400F69A34 /* AI Sanitizer.entitlements */ = {isa = PBXFileReference; lastKnownFileType = text.plist.entitlements; path = "AI Sanitizer.entitlements"; sourceTree = "<group>"; };
		167D88D92D85F5D400F69A34 /* AISanitizerExtensioniOS.appex */ = {isa = PBXFileReference; explicitFileType = "wrapper.app-extension"; includeInIndex = 0; path = AISanitizerExtensioniOS.appex; sourceTree = BUILT_PRODUCTS_DIR; };
		167D88DE2D85F5D400F69A34 /* Info.plist */ = {isa = PBXFileReference; lastKnownFileType = text.plist.xml; path = Info.plist; sourceTree = "<group>"; };
		167D88E32D85F5D400F69A34 /* AISanitizerExtensionMac.appex */ = {isa = PBXFileReference; explicitFileType = "wrapper.app-extension"; includeInIndex = 0; path = AISanitizerExtensionMac.appex; sourceTree = BUILT_PRODUCTS_DIR; };
		167D88E82D85F5D400F69A34 /* Info.plist */ = {isa = PBXFileReference; lastKnownFileType = text.plist.xml; path = Info.plist; sourceTree = "<group>"; };
		167D88E92D85F5D400F69A34 /* AI Sanitizer.entitlements */ = {isa = PBXFileReference; lastKnownFileType = text.plist.entitlements; path = "AI Sanitizer.entitlements"; sourceTree = "<group>"; };
		167D89092D85F5D400F69A34 /* background.js */ = {isa = PBXFileReference; lastKnownFileType = sourcecode.javascript; name = background.js; path = ../../background.js; sourceTree = "<group>"; };
		167D890A2D85F5D400F69A34 /* options.js */ = {isa = PBXFileReference; lastKnownFileType = sourcecode.javascript; name = options.js; path = ../../options.js; sourceTree = "<group>"; };
		167D890B2D85F5D400F69A34 /* icons */ = {isa = PBXFileReference; lastKnownFileType = folder; name = icons; path = ../../icons; sourceTree = "<group>"; };
		167D890D2D85F5D400F69A34 /* manifest.json */ = {isa = PBXFileReference; lastKnownFileType = text.json; name = manifest.json; path = ../../manifest.json; sourceTree = "<group>"; };
		167D890E2D85F5D400F69A34 /* options.html */ = {isa = PBXFileReference; lastKnownFileType = text.html; name = options.html; path = ../../options.html; sourceTree = "<group>"; };
		167D890F2D85F5D400F69A34 /* content.js */ = {isa = PBXFileReference; lastKnownFileType = sourcecode.javascript; name = content.js; path = ../../content.js; sourceTree = "<group>"; };
		16A34FEE2D86041700F26142 /* background.js */ = {isa = PBXFileReference; lastKnownFileType = sourcecode.javascript; name = background.js; path = ../../../background.js; sourceTree = "<group>"; };
		16A34FEF2D86041700F26142 /* options.js */ = {isa = PBXFileReference; lastKnownFileType = sourcecode.javascript; name = options.js; path = ../../../options.js; sourceTree = "<group>"; };
		16A34FF02D86041700F26142 /* icons */ = {isa = PBXFileReference; lastKnownFileType = folder; name = icons; path = ../../../icons; sourceTree = "<group>"; };
		16A34FF22D86041700F26142 /* manifest.json */ = {isa = PBXFileReference; lastKnownFileType = text.json; name = manifest.json; path = ../../../manifest.json; sourceTree = "<group>"; };
		16A34FF32D86041700F26142 /* options.html */ = {isa = PBXFileReference; lastKnownFileType = text.html; name = options.html; path = ../../../options.html; sourceTree = "<group>"; };
		16A34FF42D86041700F26142 /* content.js */ = {isa = PBXFileReference; lastKnownFileType = sourcecode.javascript; name = content.js; path = ../../../content.js; sourceTree = "<group>"; };
		16A34FF62D86042900F26142 /* background.js */ = {isa = PBXFileReference; lastKnownFileType = sourcecode.javascript; name = background.js; path = ../../../background.js; sourceTree = "<group>"; };
		16A34FF72D86042900F26142 /* options.js */ = {isa = PBXFileReference; lastKnownFileType = sourcecode.javascript; name = options.js; path = ../../../options.js; sourceTree = "<group>"; };
		16A34FF82D86042900F26142 /* icons */ = {isa = PBXFileReference; lastKnownFileType = folder; name = icons; path = ../../../icons; sourceTree = "<group>"; };
		16A34FFA2D86042900F26142 /* manifest.json */ = {isa = PBXFileReference; lastKnownFileType = text.json; name = manifest.json; path = ../../../manifest.json; sourceTree = "<group>"; };
		16A34FFB2D86042900F26142 /* options.html */ = {isa = PBXFileReference; lastKnownFileType = text.html; name = options.html; path = ../../../options.html; sourceTree = "<group>"; };
		16A34FFC2D86042900F26142 /* content.js */ = {isa = PBXFileReference; lastKnownFileType = sourcecode.javascript; name = content.js; path = ../../../content.js; sourceTree = "<group>"; };
/* End PBXFileReference section */

/* Begin PBXFrameworksBuildPhase section */
		167D88B72D85F5D400F69A34 /* Frameworks */ = {
			isa = PBXFrameworksBuildPhase;
			buildActionMask = 2147483647;
			files = (
			);
			runOnlyForDeploymentPostprocessing = 0;
		};
		167D88C92D85F5D400F69A34 /* Frameworks */ = {
			isa = PBXFrameworksBuildPhase;
			buildActionMask = 2147483647;
			files = (
			);
			runOnlyForDeploymentPostprocessing = 0;
		};
		167D88D62D85F5D400F69A34 /* Frameworks */ = {
			isa = PBXFrameworksBuildPhase;
			buildActionMask = 2147483647;
			files = (
			);
			runOnlyForDeploymentPostprocessing = 0;
		};
		167D88E02D85F5D400F69A34 /* Frameworks */ = {
			isa = PBXFrameworksBuildPhase;
			buildActionMask = 2147483647;
			files = (
			);
			runOnlyForDeploymentPostprocessing = 0;
		};
/* End PBXFrameworksBuildPhase section */

/* Begin PBXGroup section */
		167D88A62D85F5D300F69A34 = {
			isa = PBXGroup;
			children = (
				167D88AB2D85F5D300F69A34 /* Shared (App) */,
				167D88B42D85F5D400F69A34 /* Shared (Extension) */,
				167D88BC2D85F5D400F69A34 /* iOS (App) */,
				167D88CD2D85F5D400F69A34 /* macOS (App) */,
				167D88DD2D85F5D400F69A34 /* iOS (Extension) */,
				167D88E72D85F5D400F69A34 /* macOS (Extension) */,
				167D88BB2D85F5D400F69A34 /* Products */,
			);
			sourceTree = "<group>";
		};
		167D88AB2D85F5D300F69A34 /* Shared (App) */ = {
			isa = PBXGroup;
			children = (
				167D88B22D85F5D300F69A34 /* ViewController.swift */,
				167D88B32D85F5D400F69A34 /* Assets.xcassets */,
				167D88AC2D85F5D300F69A34 /* Resources */,
			);
			path = "Shared (App)";
			sourceTree = "<group>";
		};
		167D88AC2D85F5D300F69A34 /* Resources */ = {
			isa = PBXGroup;
			children = (
				167D88AD2D85F5D300F69A34 /* Main.html */,
				167D88AF2D85F5D300F69A34 /* Icon.png */,
				167D88B02D85F5D300F69A34 /* Style.css */,
				167D88B12D85F5D300F69A34 /* Script.js */,
			);
			path = Resources;
			sourceTree = "<group>";
		};
		167D88B42D85F5D400F69A34 /* Shared (Extension) */ = {
			isa = PBXGroup;
			children = (
				167D89082D85F5D400F69A34 /* Resources */,
				167D88B52D85F5D400F69A34 /* SafariWebExtensionHandler.swift */,
			);
			path = "Shared (Extension)";
			sourceTree = "<group>";
		};
		167D88BB2D85F5D400F69A34 /* Products */ = {
			isa = PBXGroup;
			children = (
				167D88BA2D85F5D400F69A34 /* AISanitizerAppiOS.app */,
				167D88CC2D85F5D400F69A34 /* AISanitizerAppMac.app */,
				167D88D92D85F5D400F69A34 /* AISanitizerExtensioniOS.appex */,
				167D88E32D85F5D400F69A34 /* AISanitizerExtensionMac.appex */,
			);
			name = Products;
			sourceTree = "<group>";
		};
		167D88BC2D85F5D400F69A34 /* iOS (App) */ = {
			isa = PBXGroup;
			children = (
				167D88BD2D85F5D400F69A34 /* AppDelegate.swift */,
				167D88BF2D85F5D400F69A34 /* SceneDelegate.swift */,
				167D88C12D85F5D400F69A34 /* LaunchScreen.storyboard */,
				167D88C42D85F5D400F69A34 /* Main.storyboard */,
				167D88C72D85F5D400F69A34 /* Info.plist */,
			);
			path = "iOS (App)";
			sourceTree = "<group>";
		};
		167D88CD2D85F5D400F69A34 /* macOS (App) */ = {
			isa = PBXGroup;
			children = (
				167D88CE2D85F5D400F69A34 /* AppDelegate.swift */,
				167D88D02D85F5D400F69A34 /* Main.storyboard */,
				167D88D32D85F5D400F69A34 /* Info.plist */,
				167D88D42D85F5D400F69A34 /* AI Sanitizer.entitlements */,
			);
			path = "macOS (App)";
			sourceTree = "<group>";
		};
		167D88DD2D85F5D400F69A34 /* iOS (Extension) */ = {
			isa = PBXGroup;
			children = (
				16A34FF52D86041700F26142 /* Resources */,
				167D88DE2D85F5D400F69A34 /* Info.plist */,
			);
			path = "iOS (Extension)";
			sourceTree = "<group>";
		};
		167D88E72D85F5D400F69A34 /* macOS (Extension) */ = {
			isa = PBXGroup;
			children = (
				16A34FFD2D86042900F26142 /* Resources */,
				167D88E82D85F5D400F69A34 /* Info.plist */,
				167D88E92D85F5D400F69A34 /* AI Sanitizer.entitlements */,
			);
			path = "macOS (Extension)";
			sourceTree = "<group>";
		};
		167D89082D85F5D400F69A34 /* Resources */ = {
			isa = PBXGroup;
			children = (
				167D89092D85F5D400F69A34 /* background.js */,
				167D890A2D85F5D400F69A34 /* options.js */,
				167D890B2D85F5D400F69A34 /* icons */,
				167D890D2D85F5D400F69A34 /* manifest.json */,
				167D890E2D85F5D400F69A34 /* options.html */,
				167D890F2D85F5D400F69A34 /* content.js */,
			);
			name = Resources;
			path = "Shared (Extension)";
			sourceTree = SOURCE_ROOT;
		};
		16A34FF52D86041700F26142 /* Resources */ = {
			isa = PBXGroup;
			children = (
				16A34FEE2D86041700F26142 /* background.js */,
				16A34FEF2D86041700F26142 /* options.js */,
				16A34FF02D86041700F26142 /* icons */,
				16A34FF22D86041700F26142 /* manifest.json */,
				16A34FF32D86041700F26142 /* options.html */,
				16A34FF42D86041700F26142 /* content.js */,
			);
			name = Resources;
			path = "iOS (Extension)/Shared (Extension)";
			sourceTree = SOURCE_ROOT;
		};
		16A34FFD2D86042900F26142 /* Resources */ = {
			isa = PBXGroup;
			children = (
				16A34FF62D86042900F26142 /* background.js */,
				16A34FF72D86042900F26142 /* options.js */,
				16A34FF82D86042900F26142 /* icons */,
				16A34FFA2D86042900F26142 /* manifest.json */,
				16A34FFB2D86042900F26142 /* options.html */,
				16A34FFC2D86042900F26142 /* content.js */,
			);
			name = Resources;
			path = "macOS (Extension)/Shared (Extension)";
			sourceTree = SOURCE_ROOT;
		};
/* End PBXGroup section */

/* Begin PBXNativeTarget section */
		167D88B92D85F5D400F69A34 /* AI Sanitizer (iOS) */ = {
			isa = PBXNativeTarget;
			buildConfigurationList = 167D88FE2D85F5D400F69A34 /* Build configuration list for PBXNativeTarget "AI Sanitizer (iOS)" */;
			buildPhases = (
				167D88B62D85F5D400F69A34 /* Sources */,
				167D88B72D85F5D400F69A34 /* Frameworks */,
				167D88B82D85F5D400F69A34 /* Resources */,
				167D88FD2D85F5D400F69A34 /* Embed Foundation Extensions */,
			);
			buildRules = (
			);
			dependencies = (
				167D88DC2D85F5D400F69A34 /* PBXTargetDependency */,
			);
			name = "AI Sanitizer (iOS)";
			packageProductDependencies = (
			);
			productName = "AI Sanitizer (iOS)";
			productReference = 167D88BA2D85F5D400F69A34 /* AISanitizerAppiOS.app */;
			productType = "com.apple.product-type.application";
		};
		167D88CB2D85F5D400F69A34 /* AI Sanitizer (macOS) */ = {
			isa = PBXNativeTarget;
			buildConfigurationList = 167D89052D85F5D400F69A34 /* Build configuration list for PBXNativeTarget "AI Sanitizer (macOS)" */;
			buildPhases = (
				167D88C82D85F5D400F69A34 /* Sources */,
				167D88C92D85F5D400F69A34 /* Frameworks */,
				167D88CA2D85F5D400F69A34 /* Resources */,
				167D89042D85F5D400F69A34 /* Embed Foundation Extensions */,
			);
			buildRules = (
			);
			dependencies = (
				167D88E62D85F5D400F69A34 /* PBXTargetDependency */,
			);
			name = "AI Sanitizer (macOS)";
			packageProductDependencies = (
			);
			productName = "AI Sanitizer (macOS)";
			productReference = 167D88CC2D85F5D400F69A34 /* AISanitizerAppMac.app */;
			productType = "com.apple.product-type.application";
		};
		167D88D82D85F5D400F69A34 /* AI Sanitizer Extension (iOS) */ = {
			isa = PBXNativeTarget;
			buildConfigurationList = 167D88FA2D85F5D400F69A34 /* Build configuration list for PBXNativeTarget "AI Sanitizer Extension (iOS)" */;
			buildPhases = (
				167D88D52D85F5D400F69A34 /* Sources */,
				167D88D62D85F5D400F69A34 /* Frameworks */,
				167D88D72D85F5D400F69A34 /* Resources */,
			);
			buildRules = (
			);
			dependencies = (
			);
			name = "AI Sanitizer Extension (iOS)";
			packageProductDependencies = (
			);
			productName = "AI Sanitizer Extension (iOS)";
			productReference = 167D88D92D85F5D400F69A34 /* AISanitizerExtensioniOS.appex */;
			productType = "com.apple.product-type.app-extension";
		};
		167D88E22D85F5D400F69A34 /* AI Sanitizer Extension (macOS) */ = {
			isa = PBXNativeTarget;
			buildConfigurationList = 167D89012D85F5D400F69A34 /* Build configuration list for PBXNativeTarget "AI Sanitizer Extension (macOS)" */;
			buildPhases = (
				167D88DF2D85F5D400F69A34 /* Sources */,
				167D88E02D85F5D400F69A34 /* Frameworks */,
				167D88E12D85F5D400F69A34 /* Resources */,
			);
			buildRules = (
			);
			dependencies = (
			);
			name = "AI Sanitizer Extension (macOS)";
			packageProductDependencies = (
			);
			productName = "AI Sanitizer Extension (macOS)";
			productReference = 167D88E32D85F5D400F69A34 /* AISanitizerExtensionMac.appex */;
			productType = "com.apple.product-type.app-extension";
		};
/* End PBXNativeTarget section */

/* Begin PBXProject section */
		167D88A72D85F5D300F69A34 /* Project object */ = {
			isa = PBXProject;
			attributes = {
				BuildIndependentTargetsInParallel = 1;
				LastSwiftUpdateCheck = 1620;
				LastUpgradeCheck = 1620;
				TargetAttributes = {
					167D88B92D85F5D400F69A34 = {
						CreatedOnToolsVersion = 16.2;
					};
					167D88CB2D85F5D400F69A34 = {
						CreatedOnToolsVersion = 16.2;
					};
					167D88D82D85F5D400F69A34 = {
						CreatedOnToolsVersion = 16.2;
					};
					167D88E22D85F5D400F69A34 = {
						CreatedOnToolsVersion = 16.2;
					};
				};
			};
			buildConfigurationList = 167D88AA2D85F5D300F69A34 /* Build configuration list for PBXProject "AI Sanitizer" */;
			developmentRegion = en;
			hasScannedForEncodings = 0;
			knownRegions = (
				en,
				Base,
			);
			mainGroup = 167D88A62D85F5D300F69A34;
			minimizedProjectReferenceProxies = 1;
			preferredProjectObjectVersion = 77;
			productRefGroup = 167D88BB2D85F5D400F69A34 /* Products */;
			projectDirPath = "";
			projectRoot = "";
			targets = (
				167D88B92D85F5D400F69A34 /* AI Sanitizer (iOS) */,
				167D88CB2D85F5D400F69A34 /* AI Sanitizer (macOS) */,
				167D88D82D85F5D400F69A34 /* AI Sanitizer Extension (iOS) */,
				167D88E22D85F5D400F69A34 /* AI Sanitizer Extension (macOS) */,
			);
		};
/* End PBXProject section */

/* Begin PBXResourcesBuildPhase section */
		167D88B82D85F5D400F69A34 /* Resources */ = {
			isa = PBXResourcesBuildPhase;
			buildActionMask = 2147483647;
			files = (
				167D88EC2D85F5D400F69A34 /* Icon.png in Resources */,
				167D88C32D85F5D400F69A34 /* LaunchScreen.storyboard in Resources */,
				167D88EA2D85F5D400F69A34 /* Main.html in Resources */,
				167D88F02D85F5D400F69A34 /* Script.js in Resources */,
				167D88F42D85F5D400F69A34 /* Assets.xcassets in Resources */,
				167D88C62D85F5D400F69A34 /* Main.storyboard in Resources */,
				167D88EE2D85F5D400F69A34 /* Style.css in Resources */,
			);
			runOnlyForDeploymentPostprocessing = 0;
		};
		167D88CA2D85F5D400F69A34 /* Resources */ = {
			isa = PBXResourcesBuildPhase;
			buildActionMask = 2147483647;
			files = (
				167D88ED2D85F5D400F69A34 /* Icon.png in Resources */,
				167D88EF2D85F5D400F69A34 /* Style.css in Resources */,
				167D88D22D85F5D400F69A34 /* Main.storyboard in Resources */,
				167D88F12D85F5D400F69A34 /* Script.js in Resources */,
				167D88F52D85F5D400F69A34 /* Assets.xcassets in Resources */,
				167D88EB2D85F5D400F69A34 /* Main.html in Resources */,
			);
			runOnlyForDeploymentPostprocessing = 0;
		};
		167D88D72D85F5D400F69A34 /* Resources */ = {
			isa = PBXResourcesBuildPhase;
			buildActionMask = 2147483647;
			files = (
				167D89192D85F5D400F69A34 /* icons in Resources */,
				167D89172D85F5D400F69A34 /* background.js in Resources */,
				167D891B2D85F5D400F69A34 /* manifest.json in Resources */,
				167D89182D85F5D400F69A34 /* options.js in Resources */,
				167D891D2D85F5D400F69A34 /* content.js in Resources */,
				167D891C2D85F5D400F69A34 /* options.html in Resources */,
			);
			runOnlyForDeploymentPostprocessing = 0;
		};
		167D88E12D85F5D400F69A34 /* Resources */ = {
			isa = PBXResourcesBuildPhase;
			buildActionMask = 2147483647;
			files = (
				167D89122D85F5D400F69A34 /* icons in Resources */,
				167D89102D85F5D400F69A34 /* background.js in Resources */,
				167D89142D85F5D400F69A34 /* manifest.json in Resources */,
				167D89112D85F5D400F69A34 /* options.js in Resources */,
				167D89162D85F5D400F69A34 /* content.js in Resources */,
				167D89152D85F5D400F69A34 /* options.html in Resources */,
			);
			runOnlyForDeploymentPostprocessing = 0;
		};
/* End PBXResourcesBuildPhase section */

/* Begin PBXSourcesBuildPhase section */
		167D88B62D85F5D400F69A34 /* Sources */ = {
			isa = PBXSourcesBuildPhase;
			buildActionMask = 2147483647;
			files = (
				167D88F22D85F5D400F69A34 /* ViewController.swift in Sources */,
				167D88BE2D85F5D400F69A34 /* AppDelegate.swift in Sources */,
				167D88C02D85F5D400F69A34 /* SceneDelegate.swift in Sources */,
			);
			runOnlyForDeploymentPostprocessing = 0;
		};
		167D88C82D85F5D400F69A34 /* Sources */ = {
			isa = PBXSourcesBuildPhase;
			buildActionMask = 2147483647;
			files = (
				167D88F32D85F5D400F69A34 /* ViewController.swift in Sources */,
				167D88CF2D85F5D400F69A34 /* AppDelegate.swift in Sources */,
			);
			runOnlyForDeploymentPostprocessing = 0;
		};
		167D88D52D85F5D400F69A34 /* Sources */ = {
			isa = PBXSourcesBuildPhase;
			buildActionMask = 2147483647;
			files = (
				167D88F62D85F5D400F69A34 /* SafariWebExtensionHandler.swift in Sources */,
			);
			runOnlyForDeploymentPostprocessing = 0;
		};
		167D88DF2D85F5D400F69A34 /* Sources */ = {
			isa = PBXSourcesBuildPhase;
			buildActionMask = 2147483647;
			files = (
				167D88F72D85F5D400F69A34 /* SafariWebExtensionHandler.swift in Sources */,
			);
			runOnlyForDeploymentPostprocessing = 0;
		};
/* End PBXSourcesBuildPhase section */

/* Begin PBXTargetDependency section */
		167D88DC2D85F5D400F69A34 /* PBXTargetDependency */ = {
			isa = PBXTargetDependency;
			target = 167D88D82D85F5D400F69A34 /* AI Sanitizer Extension (iOS) */;
			targetProxy = 167D88DB2D85F5D400F69A34 /* PBXContainerItemProxy */;
		};
		167D88E62D85F5D400F69A34 /* PBXTargetDependency */ = {
			isa = PBXTargetDependency;
			target = 167D88E22D85F5D400F69A34 /* AI Sanitizer Extension (macOS) */;
			targetProxy = 167D88E52D85F5D400F69A34 /* PBXContainerItemProxy */;
		};
/* End PBXTargetDependency section */

/* Begin PBXVariantGroup section */
		167D88AD2D85F5D300F69A34 /* Main.html */ = {
			isa = PBXVariantGroup;
			children = (
				167D88AE2D85F5D300F69A34 /* Base */,
			);
			name = Main.html;
			sourceTree = "<group>";
		};
		167D88C12D85F5D400F69A34 /* LaunchScreen.storyboard */ = {
			isa = PBXVariantGroup;
			children = (
				167D88C22D85F5D400F69A34 /* Base */,
			);
			name = LaunchScreen.storyboard;
			sourceTree = "<group>";
		};
		167D88C42D85F5D400F69A34 /* Main.storyboard */ = {
			isa = PBXVariantGroup;
			children = (
				167D88C52D85F5D400F69A34 /* Base */,
			);
			name = Main.storyboard;
			sourceTree = "<group>";
		};
		167D88D02D85F5D400F69A34 /* Main.storyboard */ = {
			isa = PBXVariantGroup;
			children = (
				167D88D12D85F5D400F69A34 /* Base */,
			);
			name = Main.storyboard;
			sourceTree = "<group>";
		};
/* End PBXVariantGroup section */

/* Begin XCBuildConfiguration section */
		167D88F82D85F5D400F69A34 /* Debug */ = {
			isa = XCBuildConfiguration;
			buildSettings = {
				ALWAYS_SEARCH_USER_PATHS = NO;
				ASSETCATALOG_COMPILER_GENERATE_SWIFT_ASSET_SYMBOL_EXTENSIONS = YES;
				CLANG_ANALYZER_NONNULL = YES;
				CLANG_ANALYZER_NUMBER_OBJECT_CONVERSION = YES_AGGRESSIVE;
				CLANG_CXX_LANGUAGE_STANDARD = "gnu++20";
				CLANG_ENABLE_MODULES = YES;
				CLANG_ENABLE_OBJC_ARC = YES;
				CLANG_ENABLE_OBJC_WEAK = YES;
				CLANG_WARN_BLOCK_CAPTURE_AUTORELEASING = YES;
				CLANG_WARN_BOOL_CONVERSION = YES;
				CLANG_WARN_COMMA = YES;
				CLANG_WARN_CONSTANT_CONVERSION = YES;
				CLANG_WARN_DEPRECATED_OBJC_IMPLEMENTATIONS = YES;
				CLANG_WARN_DIRECT_OBJC_ISA_USAGE = YES_ERROR;
				CLANG_WARN_DOCUMENTATION_COMMENTS = YES;
				CLANG_WARN_EMPTY_BODY = YES;
				CLANG_WARN_ENUM_CONVERSION = YES;
				CLANG_WARN_INFINITE_RECURSION = YES;
				CLANG_WARN_INT_CONVERSION = YES;
				CLANG_WARN_NON_LITERAL_NULL_CONVERSION = YES;
				CLANG_WARN_OBJC_IMPLICIT_RETAIN_SELF = YES;
				CLANG_WARN_OBJC_LITERAL_CONVERSION = YES;
				CLANG_WARN_OBJC_ROOT_CLASS = YES_ERROR;
				CLANG_WARN_QUOTED_INCLUDE_IN_FRAMEWORK_HEADER = YES;
				CLANG_WARN_RANGE_LOOP_ANALYSIS = YES;
				CLANG_WARN_STRICT_PROTOTYPES = YES;
				CLANG_WARN_SUSPICIOUS_MOVE = YES;
				CLANG_WARN_UNGUARDED_AVAILABILITY = YES_AGGRESSIVE;
				CLANG_WARN_UNREACHABLE_CODE = YES;
				CLANG_WARN__DUPLICATE_METHOD_MATCH = YES;
				COPY_PHASE_STRIP = NO;
				DEBUG_INFORMATION_FORMAT = dwarf;
				ENABLE_STRICT_OBJC_MSGSEND = YES;
				ENABLE_TESTABILITY = YES;
				ENABLE_USER_SCRIPT_SANDBOXING = YES;
				GCC_C_LANGUAGE_STANDARD = gnu17;
				GCC_DYNAMIC_NO_PIC = NO;
				GCC_NO_COMMON_BLOCKS = YES;
				GCC_OPTIMIZATION_LEVEL = 0;
				GCC_PREPROCESSOR_DEFINITIONS = (
					"DEBUG=1",
					"$(inherited)",
				);
				GCC_WARN_64_TO_32_BIT_CONVERSION = YES;
				GCC_WARN_ABOUT_RETURN_TYPE = YES_ERROR;
				GCC_WARN_UNDECLARED_SELECTOR = YES;
				GCC_WARN_UNINITIALIZED_AUTOS = YES_AGGRESSIVE;
				GCC_WARN_UNUSED_FUNCTION = YES;
				GCC_WARN_UNUSED_VARIABLE = YES;
				LOCALIZATION_PREFERS_STRING_CATALOGS = YES;
				MTL_ENABLE_DEBUG_INFO = INCLUDE_SOURCE;
				MTL_FAST_MATH = YES;
				ONLY_ACTIVE_ARCH = YES;
				SWIFT_ACTIVE_COMPILATION_CONDITIONS = "DEBUG $(inherited)";
				SWIFT_OPTIMIZATION_LEVEL = "-Onone";
			};
			name = Debug;
		};
		167D88F92D85F5D400F69A34 /* Release */ = {
			isa = XCBuildConfiguration;
			buildSettings = {
				ALWAYS_SEARCH_USER_PATHS = NO;
				ASSETCATALOG_COMPILER_GENERATE_SWIFT_ASSET_SYMBOL_EXTENSIONS = YES;
				CLANG_ANALYZER_NONNULL = YES;
				CLANG_ANALYZER_NUMBER_OBJECT_CONVERSION = YES_AGGRESSIVE;
				CLANG_CXX_LANGUAGE_STANDARD = "gnu++20";
				CLANG_ENABLE_MODULES = YES;
				CLANG_ENABLE_OBJC_ARC = YES;
				CLANG_ENABLE_OBJC_WEAK = YES;
				CLANG_WARN_BLOCK_CAPTURE_AUTORELEASING = YES;
				CLANG_WARN_BOOL_CONVERSION = YES;
				CLANG_WARN_COMMA = YES;
				CLANG_WARN_CONSTANT_CONVERSION = YES;
				CLANG_WARN_DEPRECATED_OBJC_IMPLEMENTATIONS = YES;
				CLANG_WARN_DIRECT_OBJC_ISA_USAGE = YES_ERROR;
				CLANG_WARN_DOCUMENTATION_COMMENTS = YES;
				CLANG_WARN_EMPTY_BODY = YES;
				CLANG_WARN_ENUM_CONVERSION = YES;
				CLANG_WARN_INFINITE_RECURSION = YES;
				CLANG_WARN_INT_CONVERSION = YES;
				CLANG_WARN_NON_LITERAL_NULL_CONVERSION = YES;
				CLANG_WARN_OBJC_IMPLICIT_RETAIN_SELF = YES;
				CLANG_WARN_OBJC_LITERAL_CONVERSION = YES;
				CLANG_WARN_OBJC_ROOT_CLASS = YES_ERROR;
				CLANG_WARN_QUOTED_INCLUDE_IN_FRAMEWORK_HEADER = YES;
				CLANG_WARN_RANGE_LOOP_ANALYSIS = YES;
				CLANG_WARN_STRICT_PROTOTYPES = YES;
				CLANG_WARN_SUSPICIOUS_MOVE = YES;
				CLANG_WARN_UNGUARDED_AVAILABILITY = YES_AGGRESSIVE;
				CLANG_WARN_UNREACHABLE_CODE = YES;
				CLANG_WARN__DUPLICATE_METHOD_MATCH = YES;
				COPY_PHASE_STRIP = NO;
				DEBUG_INFORMATION_FORMAT = "dwarf-with-dsym";
				ENABLE_NS_ASSERTIONS = NO;
				ENABLE_STRICT_OBJC_MSGSEND = YES;
				ENABLE_USER_SCRIPT_SANDBOXING = YES;
				GCC_C_LANGUAGE_STANDARD = gnu17;
				GCC_NO_COMMON_BLOCKS = YES;
				GCC_WARN_64_TO_32_BIT_CONVERSION = YES;
				GCC_WARN_ABOUT_RETURN_TYPE = YES_ERROR;
				GCC_WARN_UNDECLARED_SELECTOR = YES;
				GCC_WARN_UNINITIALIZED_AUTOS = YES_AGGRESSIVE;
				GCC_WARN_UNUSED_FUNCTION = YES;
				GCC_WARN_UNUSED_VARIABLE = YES;
				LOCALIZATION_PREFERS_STRING_CATALOGS = YES;
				MTL_ENABLE_DEBUG_INFO = NO;
				MTL_FAST_MATH = YES;
				SWIFT_COMPILATION_MODE = wholemodule;
			};
			name = Release;
		};
		167D88FB2D85F5D400F69A34 /* Debug */ = {
			isa = XCBuildConfiguration;
			buildSettings = {
				CODE_SIGN_IDENTITY = "Apple Development";
				CODE_SIGN_STYLE = Automatic;
				CURRENT_PROJECT_VERSION = 1;
				DEVELOPMENT_TEAM = 5BRX6W3QPG;
				GENERATE_INFOPLIST_FILE = YES;
				INFOPLIST_FILE = "iOS (Extension)/Info.plist";
				INFOPLIST_KEY_CFBundleDisplayName = "AI Sanitizer Extension";
				INFOPLIST_KEY_NSHumanReadableCopyright = "";
				IPHONEOS_DEPLOYMENT_TARGET = 15.0;
				LD_RUNPATH_SEARCH_PATHS = (
					"$(inherited)",
					"@executable_path/Frameworks",
					"@executable_path/../../Frameworks",
				);
				MARKETING_VERSION = 1.0.0;
				OTHER_LDFLAGS = (
					"-framework",
					SafariServices,
				);
				PRODUCT_BUNDLE_IDENTIFIER = ai.aisanitizer.AISanitizer.Extension;
				PRODUCT_NAME = AISanitizerExtensioniOS;
				PROVISIONING_PROFILE_SPECIFIER = "";
				SDKROOT = iphoneos;
				SKIP_INSTALL = YES;
				SWIFT_EMIT_LOC_STRINGS = YES;
				SWIFT_MODULE_NAME = AISanitizerExtensioniOS;
				SWIFT_VERSION = 5.0;
				TARGETED_DEVICE_FAMILY = "1,2";
			};
			name = Debug;
		};
		167D88FC2D85F5D400F69A34 /* Release */ = {
			isa = XCBuildConfiguration;
			buildSettings = {
				CODE_SIGN_IDENTITY = "Apple Development";
				CODE_SIGN_STYLE = Automatic;
				CURRENT_PROJECT_VERSION = 1;
				DEVELOPMENT_TEAM = 5BRX6W3QPG;
				GENERATE_INFOPLIST_FILE = YES;
				INFOPLIST_FILE = "iOS (Extension)/Info.plist";
				INFOPLIST_KEY_CFBundleDisplayName = "AI Sanitizer Extension";
				INFOPLIST_KEY_NSHumanReadableCopyright = "";
				IPHONEOS_DEPLOYMENT_TARGET = 15.0;
				LD_RUNPATH_SEARCH_PATHS = (
					"$(inherited)",
					"@executable_path/Frameworks",
					"@executable_path/../../Frameworks",
				);
				MARKETING_VERSION = 1.0.0;
				OTHER_LDFLAGS = (
					"-framework",
					SafariServices,
				);
				PRODUCT_BUNDLE_IDENTIFIER = ai.aisanitizer.AISanitizer.Extension;
				PRODUCT_NAME = AISanitizerExtensioniOS;
				PROVISIONING_PROFILE_SPECIFIER = "";
				SDKROOT = iphoneos;
				SKIP_INSTALL = YES;
				SWIFT_EMIT_LOC_STRINGS = YES;
				SWIFT_MODULE_NAME = AISanitizerExtensioniOS;
				SWIFT_VERSION = 5.0;
				TARGETED_DEVICE_FAMILY = "1,2";
				VALIDATE_PRODUCT = YES;
			};
			name = Release;
		};
		167D88FF2D85F5D400F69A34 /* Debug */ = {
			isa = XCBuildConfiguration;
			buildSettings = {
				ASSETCATALOG_COMPILER_APPICON_NAME = AppIcon;
				ASSETCATALOG_COMPILER_GLOBAL_ACCENT_COLOR_NAME = AccentColor;
				CODE_SIGN_STYLE = Automatic;
				CURRENT_PROJECT_VERSION = 1;
				DEVELOPMENT_TEAM = 5BRX6W3QPG;
				GENERATE_INFOPLIST_FILE = YES;
				INFOPLIST_FILE = "iOS (App)/Info.plist";
				INFOPLIST_KEY_CFBundleDisplayName = "AI Sanitizer";
				INFOPLIST_KEY_UIApplicationSupportsIndirectInputEvents = YES;
				INFOPLIST_KEY_UILaunchStoryboardName = LaunchScreen;
				INFOPLIST_KEY_UIMainStoryboardFile = Main;
				INFOPLIST_KEY_UISupportedInterfaceOrientations = "UIInterfaceOrientationPortrait UIInterfaceOrientationLandscapeLeft UIInterfaceOrientationLandscapeRight";
				INFOPLIST_KEY_UISupportedInterfaceOrientations_iPad = "UIInterfaceOrientationPortrait UIInterfaceOrientationPortraitUpsideDown UIInterfaceOrientationLandscapeLeft UIInterfaceOrientationLandscapeRight";
				IPHONEOS_DEPLOYMENT_TARGET = 15.0;
				LD_RUNPATH_SEARCH_PATHS = (
					"$(inherited)",
					"@executable_path/Frameworks",
				);
				MARKETING_VERSION = 1.0.0;
				OTHER_LDFLAGS = (
					"-framework",
					SafariServices,
					"-framework",
					WebKit,
				);
				PRODUCT_BUNDLE_IDENTIFIER = ai.aisanitizer.AISanitizer;
				PRODUCT_NAME = AISanitizerAppiOS;
				SDKROOT = iphoneos;
				SWIFT_EMIT_LOC_STRINGS = YES;
				SWIFT_MODULE_NAME = AISanitizerAppiOS;
				SWIFT_VERSION = 5.0;
				TARGETED_DEVICE_FAMILY = "1,2";
			};
			name = Debug;
		};
		167D89002D85F5D400F69A34 /* Release */ = {
			isa = XCBuildConfiguration;
			buildSettings = {
				ASSETCATALOG_COMPILER_APPICON_NAME = AppIcon;
				ASSETCATALOG_COMPILER_GLOBAL_ACCENT_COLOR_NAME = AccentColor;
				CODE_SIGN_STYLE = Automatic;
				CURRENT_PROJECT_VERSION = 1;
				DEVELOPMENT_TEAM = 5BRX6W3QPG;
				GENERATE_INFOPLIST_FILE = YES;
				INFOPLIST_FILE = "iOS (App)/Info.plist";
				INFOPLIST_KEY_CFBundleDisplayName = "AI Sanitizer";
				INFOPLIST_KEY_UIApplicationSupportsIndirectInputEvents = YES;
				INFOPLIST_KEY_UILaunchStoryboardName = LaunchScreen;
				INFOPLIST_KEY_UIMainStoryboardFile = Main;
				INFOPLIST_KEY_UISupportedInterfaceOrientations = "UIInterfaceOrientationPortrait UIInterfaceOrientationLandscapeLeft UIInterfaceOrientationLandscapeRight";
				INFOPLIST_KEY_UISupportedInterfaceOrientations_iPad = "UIInterfaceOrientationPortrait UIInterfaceOrientationPortraitUpsideDown UIInterfaceOrientationLandscapeLeft UIInterfaceOrientationLandscapeRight";
				IPHONEOS_DEPLOYMENT_TARGET = 15.0;
				LD_RUNPATH_SEARCH_PATHS = (
					"$(inherited)",
					"@executable_path/Frameworks",
				);
				MARKETING_VERSION = 1.0.0;
				OTHER_LDFLAGS = (
					"-framework",
					SafariServices,
					"-framework",
					WebKit,
				);
				PRODUCT_BUNDLE_IDENTIFIER = ai.aisanitizer.AISanitizer;
				PRODUCT_NAME = AISanitizerAppiOS;
				SDKROOT = iphoneos;
				SWIFT_EMIT_LOC_STRINGS = YES;
				SWIFT_MODULE_NAME = AISanitizerAppiOS;
				SWIFT_VERSION = 5.0;
				TARGETED_DEVICE_FAMILY = "1,2";
				VALIDATE_PRODUCT = YES;
			};
			name = Release;
		};
		167D89022D85F5D400F69A34 /* Debug */ = {
			isa = XCBuildConfiguration;
			buildSettings = {
				CODE_SIGN_ENTITLEMENTS = "macOS (Extension)/AI Sanitizer.entitlements";
				"CODE_SIGN_IDENTITY[sdk=macosx*]" = "Apple Development";
				CODE_SIGN_STYLE = Automatic;
				CURRENT_PROJECT_VERSION = 1;
				DEVELOPMENT_TEAM = 5BRX6W3QPG;
				ENABLE_HARDENED_RUNTIME = YES;
				GENERATE_INFOPLIST_FILE = YES;
				INFOPLIST_FILE = "macOS (Extension)/Info.plist";
				INFOPLIST_KEY_CFBundleDisplayName = "AI Sanitizer Extension";
				INFOPLIST_KEY_NSHumanReadableCopyright = "";
				LD_RUNPATH_SEARCH_PATHS = (
					"$(inherited)",
					"@executable_path/../Frameworks",
					"@executable_path/../../../../Frameworks",
				);
				MACOSX_DEPLOYMENT_TARGET = 10.14;
				MARKETING_VERSION = 1.0.0;
				OTHER_LDFLAGS = (
					"-framework",
					SafariServices,
				);
				PRODUCT_BUNDLE_IDENTIFIER = ai.aisanitizer.AISanitizer.Extension;
				PRODUCT_NAME = AISanitizerExtensionMac;
				SDKROOT = macosx;
				SKIP_INSTALL = YES;
				SWIFT_EMIT_LOC_STRINGS = YES;
				SWIFT_MODULE_NAME = AISanitizerExtensionMac;
				SWIFT_VERSION = 5.0;
			};
			name = Debug;
		};
		167D89032D85F5D400F69A34 /* Release */ = {
			isa = XCBuildConfiguration;
			buildSettings = {
				CODE_SIGN_ENTITLEMENTS = "macOS (Extension)/AI Sanitizer.entitlements";
				"CODE_SIGN_IDENTITY[sdk=macosx*]" = "Apple Development";
				CODE_SIGN_STYLE = Automatic;
				CURRENT_PROJECT_VERSION = 1;
				DEVELOPMENT_TEAM = 5BRX6W3QPG;
				ENABLE_HARDENED_RUNTIME = YES;
				GENERATE_INFOPLIST_FILE = YES;
				INFOPLIST_FILE = "macOS (Extension)/Info.plist";
				INFOPLIST_KEY_CFBundleDisplayName = "AI Sanitizer Extension";
				INFOPLIST_KEY_NSHumanReadableCopyright = "";
				LD_RUNPATH_SEARCH_PATHS = (
					"$(inherited)",
					"@executable_path/../Frameworks",
					"@executable_path/../../../../Frameworks",
				);
				MACOSX_DEPLOYMENT_TARGET = 10.14;
				MARKETING_VERSION = 1.0.0;
				OTHER_LDFLAGS = (
					"-framework",
					SafariServices,
				);
				PRODUCT_BUNDLE_IDENTIFIER = ai.aisanitizer.AISanitizer.Extension;
				PRODUCT_NAME = AISanitizerExtensionMac;
				SDKROOT = macosx;
				SKIP_INSTALL = YES;
				SWIFT_EMIT_LOC_STRINGS = YES;
				SWIFT_MODULE_NAME = AISanitizerExtensionMac;
				SWIFT_VERSION = 5.0;
			};
			name = Release;
		};
		167D89062D85F5D400F69A34 /* Debug */ = {
			isa = XCBuildConfiguration;
			buildSettings = {
				ASSETCATALOG_COMPILER_APPICON_NAME = AppIcon;
				ASSETCATALOG_COMPILER_GLOBAL_ACCENT_COLOR_NAME = AccentColor;
				CODE_SIGN_ENTITLEMENTS = "macOS (App)/AI Sanitizer.entitlements";
				CODE_SIGN_STYLE = Automatic;
				CURRENT_PROJECT_VERSION = 1;
				DEVELOPMENT_TEAM = 5BRX6W3QPG;
				ENABLE_HARDENED_RUNTIME = YES;
				GENERATE_INFOPLIST_FILE = YES;
				INFOPLIST_FILE = "macOS (App)/Info.plist";
				INFOPLIST_KEY_CFBundleDisplayName = "AI Sanitizer";
				INFOPLIST_KEY_NSMainStoryboardFile = Main;
				INFOPLIST_KEY_NSPrincipalClass = NSApplication;
				LD_RUNPATH_SEARCH_PATHS = (
					"$(inherited)",
					"@executable_path/../Frameworks",
				);
				MACOSX_DEPLOYMENT_TARGET = 10.14;
				MARKETING_VERSION = 1.0.0;
				OTHER_LDFLAGS = (
					"-framework",
					SafariServices,
					"-framework",
					WebKit,
				);
				PRODUCT_BUNDLE_IDENTIFIER = ai.aisanitizer.AISanitizer;
				PRODUCT_NAME = AISanitizerAppMac;
				SDKROOT = macosx;
				SWIFT_EMIT_LOC_STRINGS = YES;
				SWIFT_MODULE_NAME = AISanitizerAppMac;
				SWIFT_VERSION = 5.0;
			};
			name = Debug;
		};
		167D89072D85F5D400F69A34 /* Release */ = {
			isa = XCBuildConfiguration;
			buildSettings = {
				ASSETCATALOG_COMPILER_APPICON_NAME = AppIcon;
				ASSETCATALOG_COMPILER_GLOBAL_ACCENT_COLOR_NAME = AccentColor;
				CODE_SIGN_ENTITLEMENTS = "macOS (App)/AI Sanitizer.entitlements";
				CODE_SIGN_STYLE = Automatic;
				CURRENT_PROJECT_VERSION = 1;
				DEVELOPMENT_TEAM = 5BRX6W3QPG;
				ENABLE_HARDENED_RUNTIME = YES;
				GENERATE_INFOPLIST_FILE = YES;
				INFOPLIST_FILE = "macOS (App)/Info.plist";
				INFOPLIST_KEY_CFBundleDisplayName = "AI Sanitizer";
				INFOPLIST_KEY_NSMainStoryboardFile = Main;
				INFOPLIST_KEY_NSPrincipalClass = NSApplication;
				LD_RUNPATH_SEARCH_PATHS = (
					"$(inherited)",
					"@executable_path/../Frameworks",
				);
				MACOSX_DEPLOYMENT_TARGET = 10.14;
				MARKETING_VERSION = 1.0.0;
				OTHER_LDFLAGS = (
					"-framework",
					SafariServices,
					"-framework",
					WebKit,
				);
				PRODUCT_BUNDLE_IDENTIFIER = ai.aisanitizer.AISanitizer;
				PRODUCT_NAME = AISanitizerAppMac;
				SDKROOT = macosx;
				SWIFT_EMIT_LOC_STRINGS = YES;
				SWIFT_MODULE_NAME = AISanitizerAppMac;
				SWIFT_VERSION = 5.0;
			};
			name = Release;
		};
/* End XCBuildConfiguration section */

/* Begin XCConfigurationList section */
		167D88AA2D85F5D300F69A34 /* Build configuration list for PBXProject "AI Sanitizer" */ = {
			isa = XCConfigurationList;
			buildConfigurations = (
				167D88F82D85F5D400F69A34 /* Debug */,
				167D88F92D85F5D400F69A34 /* Release */,
			);
			defaultConfigurationIsVisible = 0;
			defaultConfigurationName = Release;
		};
		167D88FA2D85F5D400F69A34 /* Build configuration list for PBXNativeTarget "AI Sanitizer Extension (iOS)" */ = {
			isa = XCConfigurationList;
			buildConfigurations = (
				167D88FB2D85F5D400F69A34 /* Debug */,
				167D88FC2D85F5D400F69A34 /* Release */,
			);
			defaultConfigurationIsVisible = 0;
			defaultConfigurationName = Release;
		};
		167D88FE2D85F5D400F69A34 /* Build configuration list for PBXNativeTarget "AI Sanitizer (iOS)" */ = {
			isa = XCConfigurationList;
			buildConfigurations = (
				167D88FF2D85F5D400F69A34 /* Debug */,
				167D89002D85F5D400F69A34 /* Release */,
			);
			defaultConfigurationIsVisible = 0;
			defaultConfigurationName = Release;
		};
		167D89012D85F5D400F69A34 /* Build configuration list for PBXNativeTarget "AI Sanitizer Extension (macOS)" */ = {
			isa = XCConfigurationList;
			buildConfigurations = (
				167D89022D85F5D400F69A34 /* Debug */,
				167D89032D85F5D400F69A34 /* Release */,
			);
			defaultConfigurationIsVisible = 0;
			defaultConfigurationName = Release;
		};
		167D89052D85F5D400F69A34 /* Build configuration list for PBXNativeTarget "AI Sanitizer (macOS)" */ = {
			isa = XCConfigurationList;
			buildConfigurations = (
				167D89062D85F5D400F69A34 /* Debug */,
				167D89072D85F5D400F69A34 /* Release */,
			);
			defaultConfigurationIsVisible = 0;
			defaultConfigurationName = Release;
		};
/* End XCConfigurationList section */
	};
	rootObject = 167D88A72D85F5D300F69A34 /* Project object */;
}
